// !$*UTF8*$!
{
	archiveVersion = 1;
	classes = {
	};
	objectVersion = 51;
	objects = {

/* Begin PBXBuildFile section */
		BA44FEA72347399200A9DC62 /* AppDelegate.swift in Sources */ = {isa = PBXBuildFile; fileRef = BA44FEA62347399200A9DC62 /* AppDelegate.swift */; };
		BA44FEA92347399200A9DC62 /* ViewController.swift in Sources */ = {isa = PBXBuildFile; fileRef = BA44FEA82347399200A9DC62 /* ViewController.swift */; };
		BA44FEAC2347399200A9DC62 /* Main.storyboard in Resources */ = {isa = PBXBuildFile; fileRef = BA44FEAA2347399200A9DC62 /* Main.storyboard */; };
		BA44FEAE234739A900A9DC62 /* Assets.xcassets in Resources */ = {isa = PBXBuildFile; fileRef = BA44FEAD234739A900A9DC62 /* Assets.xcassets */; };
		BA44FEB1234739A900A9DC62 /* LaunchScreen.storyboard in Resources */ = {isa = PBXBuildFile; fileRef = BA44FEAF234739A900A9DC62 /* LaunchScreen.storyboard */; };
		BA44FEB923473CC200A9DC62 /* PickUpLine.swift in Sources */ = {isa = PBXBuildFile; fileRef = BA44FEB823473CC200A9DC62 /* PickUpLine.swift */; };
		BA44FEBB2347417900A9DC62 /* PickUpLineTableViewCell.swift in Sources */ = {isa = PBXBuildFile; fileRef = BA44FEBA2347417900A9DC62 /* PickUpLineTableViewCell.swift */; };
		BA44FEBD234742AF00A9DC62 /* AlertService.swift in Sources */ = {isa = PBXBuildFile; fileRef = BA44FEBC234742AF00A9DC62 /* AlertService.swift */; };
		BA44FEBF2347476800A9DC62 /* RealmService.swift in Sources */ = {isa = PBXBuildFile; fileRef = BA44FEBE2347476800A9DC62 /* RealmService.swift */; };
		FA975A15E413C7D523655A97 /* Pods_RealmCRUDDemo.framework in Frameworks */ = {isa = PBXBuildFile; fileRef = F1FC9D2E12A3E8F70386CC0A /* Pods_RealmCRUDDemo.framework */; };
/* End PBXBuildFile section */

/* Begin PBXFileReference section */
		500EF2C8125698C1F7F346F8 /* Pods-RealmCRUDDemo.debug.xcconfig */ = {isa = PBXFileReference; includeInIndex = 1; lastKnownFileType = text.xcconfig; name = "Pods-RealmCRUDDemo.debug.xcconfig"; path = "Target Support Files/Pods-RealmCRUDDemo/Pods-RealmCRUDDemo.debug.xcconfig"; sourceTree = "<group>"; };
		B1D57F6A2010C4697A60F25D /* Pods-RealmCRUDDemo.release.xcconfig */ = {isa = PBXFileReference; includeInIndex = 1; lastKnownFileType = text.xcconfig; name = "Pods-RealmCRUDDemo.release.xcconfig"; path = "Target Support Files/Pods-RealmCRUDDemo/Pods-RealmCRUDDemo.release.xcconfig"; sourceTree = "<group>"; };
		BA44FEA32347399200A9DC62 /* RealmCRUDDemo.app */ = {isa = PBXFileReference; explicitFileType = wrapper.application; includeInIndex = 0; path = RealmCRUDDemo.app; sourceTree = BUILT_PRODUCTS_DIR; };
		BA44FEA62347399200A9DC62 /* AppDelegate.swift */ = {isa = PBXFileReference; lastKnownFileType = sourcecode.swift; path = AppDelegate.swift; sourceTree = "<group>"; };
		BA44FEA82347399200A9DC62 /* ViewController.swift */ = {isa = PBXFileReference; lastKnownFileType = sourcecode.swift; path = ViewController.swift; sourceTree = "<group>"; };
		BA44FEAB2347399200A9DC62 /* Base */ = {isa = PBXFileReference; lastKnownFileType = file.storyboard; name = Base; path = Base.lproj/Main.storyboard; sourceTree = "<group>"; };
		BA44FEAD234739A900A9DC62 /* Assets.xcassets */ = {isa = PBXFileReference; lastKnownFileType = folder.assetcatalog; path = Assets.xcassets; sourceTree = "<group>"; };
		BA44FEB0234739A900A9DC62 /* Base */ = {isa = PBXFileReference; lastKnownFileType = file.storyboard; name = Base; path = Base.lproj/LaunchScreen.storyboard; sourceTree = "<group>"; };
		BA44FEB2234739A900A9DC62 /* Info.plist */ = {isa = PBXFileReference; lastKnownFileType = text.plist.xml; path = Info.plist; sourceTree = "<group>"; };
		BA44FEB823473CC200A9DC62 /* PickUpLine.swift */ = {isa = PBXFileReference; lastKnownFileType = sourcecode.swift; path = PickUpLine.swift; sourceTree = "<group>"; };
		BA44FEBA2347417900A9DC62 /* PickUpLineTableViewCell.swift */ = {isa = PBXFileReference; lastKnownFileType = sourcecode.swift; path = PickUpLineTableViewCell.swift; sourceTree = "<group>"; };
		BA44FEBC234742AF00A9DC62 /* AlertService.swift */ = {isa = PBXFileReference; lastKnownFileType = sourcecode.swift; path = AlertService.swift; sourceTree = "<group>"; };
		BA44FEBE2347476800A9DC62 /* RealmService.swift */ = {isa = PBXFileReference; lastKnownFileType = sourcecode.swift; path = RealmService.swift; sourceTree = "<group>"; };
		F1FC9D2E12A3E8F70386CC0A /* Pods_RealmCRUDDemo.framework */ = {isa = PBXFileReference; explicitFileType = wrapper.framework; includeInIndex = 0; path = Pods_RealmCRUDDemo.framework; sourceTree = BUILT_PRODUCTS_DIR; };
/* End PBXFileReference section */

/* Begin PBXFrameworksBuildPhase section */
		BA44FEA02347399200A9DC62 /* Frameworks */ = {
			isa = PBXFrameworksBuildPhase;
			buildActionMask = 2147483647;
			files = (
				FA975A15E413C7D523655A97 /* Pods_RealmCRUDDemo.framework in Frameworks */,
			);
			runOnlyForDeploymentPostprocessing = 0;
		};
/* End PBXFrameworksBuildPhase section */

/* Begin PBXGroup section */
		A379248C24E93EC2B2500730 /* Frameworks */ = {
			isa = PBXGroup;
			children = (
				F1FC9D2E12A3E8F70386CC0A /* Pods_RealmCRUDDemo.framework */,
			);
			name = Frameworks;
			sourceTree = "<group>";
		};
		BA44FE9A2347399100A9DC62 = {
			isa = PBXGroup;
			children = (
				BA44FEA52347399200A9DC62 /* RealmCRUDDemo */,
				BA44FEA42347399200A9DC62 /* Products */,
				BB77AA3B5C1FF7967C26AD2B /* Pods */,
				A379248C24E93EC2B2500730 /* Frameworks */,
			);
			sourceTree = "<group>";
		};
		BA44FEA42347399200A9DC62 /* Products */ = {
			isa = PBXGroup;
			children = (
				BA44FEA32347399200A9DC62 /* RealmCRUDDemo.app */,
			);
			name = Products;
			sourceTree = "<group>";
		};
		BA44FEA52347399200A9DC62 /* RealmCRUDDemo */ = {
			isa = PBXGroup;
			children = (
				BA44FEA62347399200A9DC62 /* AppDelegate.swift */,
				BA44FEA82347399200A9DC62 /* ViewController.swift */,
				BA44FEAA2347399200A9DC62 /* Main.storyboard */,
				BA44FEAD234739A900A9DC62 /* Assets.xcassets */,
				BA44FEAF234739A900A9DC62 /* LaunchScreen.storyboard */,
				BA44FEB2234739A900A9DC62 /* Info.plist */,
				BA44FEB823473CC200A9DC62 /* PickUpLine.swift */,
				BA44FEBA2347417900A9DC62 /* PickUpLineTableViewCell.swift */,
				BA44FEBC234742AF00A9DC62 /* AlertService.swift */,
				BA44FEBE2347476800A9DC62 /* RealmService.swift */,
			);
			path = RealmCRUDDemo;
			sourceTree = "<group>";
		};
		BB77AA3B5C1FF7967C26AD2B /* Pods */ = {
			isa = PBXGroup;
			children = (
				500EF2C8125698C1F7F346F8 /* Pods-RealmCRUDDemo.debug.xcconfig */,
				B1D57F6A2010C4697A60F25D /* Pods-RealmCRUDDemo.release.xcconfig */,
			);
			path = Pods;
			sourceTree = "<group>";
		};
/* End PBXGroup section */

/* Begin PBXNativeTarget section */
		BA44FEA22347399200A9DC62 /* RealmCRUDDemo */ = {
			isa = PBXNativeTarget;
			buildConfigurationList = BA44FEB5234739A900A9DC62 /* Build configuration list for PBXNativeTarget "RealmCRUDDemo" */;
			buildPhases = (
				23DD8947C26A3C905C0F4175 /* [CP] Check Pods Manifest.lock */,
				BA44FE9F2347399200A9DC62 /* Sources */,
				BA44FEA02347399200A9DC62 /* Frameworks */,
				BA44FEA12347399200A9DC62 /* Resources */,
				22F7E2F10B036D78AA61AF87 /* [CP] Embed Pods Frameworks */,
			);
			buildRules = (
			);
			dependencies = (
			);
			name = RealmCRUDDemo;
			productName = RealmCRUDDemo;
			productReference = BA44FEA32347399200A9DC62 /* RealmCRUDDemo.app */;
			productType = "com.apple.product-type.application";
		};
/* End PBXNativeTarget section */

/* Begin PBXProject section */
		BA44FE9B2347399100A9DC62 /* Project object */ = {
			isa = PBXProject;
			attributes = {
				LastSwiftUpdateCheck = 1010;
				LastUpgradeCheck = 1010;
				ORGANIZATIONNAME = "Asmita Borawake";
				TargetAttributes = {
					BA44FEA22347399200A9DC62 = {
						CreatedOnToolsVersion = 10.1;
					};
				};
			};
			buildConfigurationList = BA44FE9E2347399100A9DC62 /* Build configuration list for PBXProject "RealmCRUDDemo" */;
			compatibilityVersion = "Xcode 9.3";
			developmentRegion = en;
			hasScannedForEncodings = 0;
			knownRegions = (
				en,
				Base,
			);
			mainGroup = BA44FE9A2347399100A9DC62;
			productRefGroup = BA44FEA42347399200A9DC62 /* Products */;
			projectDirPath = "";
			projectRoot = "";
			targets = (
				BA44FEA22347399200A9DC62 /* RealmCRUDDemo */,
			);
		};
/* End PBXProject section */

/* Begin PBXResourcesBuildPhase section */
		BA44FEA12347399200A9DC62 /* Resources */ = {
			isa = PBXResourcesBuildPhase;
			buildActionMask = 2147483647;
			files = (
				BA44FEB1234739A900A9DC62 /* LaunchScreen.storyboard in Resources */,
				BA44FEAE234739A900A9DC62 /* Assets.xcassets in Resources */,
				BA44FEAC2347399200A9DC62 /* Main.storyboard in Resources */,
			);
			runOnlyForDeploymentPostprocessing = 0;
		};
/* End PBXResourcesBuildPhase section */

/* Begin PBXShellScriptBuildPhase section */
		22F7E2F10B036D78AA61AF87 /* [CP] Embed Pods Frameworks */ = {
			isa = PBXShellScriptBuildPhase;
			buildActionMask = 2147483647;
			files = (
			);
			inputFileListPaths = (
				"${PODS_ROOT}/Target Support Files/Pods-RealmCRUDDemo/Pods-RealmCRUDDemo-frameworks-${CONFIGURATION}-input-files.xcfilelist",
			);
			name = "[CP] Embed Pods Frameworks";
			outputFileListPaths = (
				"${PODS_ROOT}/Target Support Files/Pods-RealmCRUDDemo/Pods-RealmCRUDDemo-frameworks-${CONFIGURATION}-output-files.xcfilelist",
			);
			runOnlyForDeploymentPostprocessing = 0;
			shellPath = /bin/sh;
			shellScript = "\"${PODS_ROOT}/Target Support Files/Pods-RealmCRUDDemo/Pods-RealmCRUDDemo-frameworks.sh\"\n";
			showEnvVarsInLog = 0;
		};
		23DD8947C26A3C905C0F4175 /* [CP] Check Pods Manifest.lock */ = {
			isa = PBXShellScriptBuildPhase;
			buildActionMask = 2147483647;
			files = (
			);
			inputFileListPaths = (
			);
			inputPaths = (
				"${PODS_PODFILE_DIR_PATH}/Podfile.lock",
				"${PODS_ROOT}/Manifest.lock",
			);
			name = "[CP] Check Pods Manifest.lock";
			outputFileListPaths = (
			);
			outputPaths = (
				"$(DERIVED_FILE_DIR)/Pods-RealmCRUDDemo-checkManifestLockResult.txt",
			);
			runOnlyForDeploymentPostprocessing = 0;
			shellPath = /bin/sh;
			shellScript = "diff \"${PODS_PODFILE_DIR_PATH}/Podfile.lock\" \"${PODS_ROOT}/Manifest.lock\" > /dev/null\nif [ $? != 0 ] ; then\n    # print error to STDERR\n    echo \"error: The sandbox is not in sync with the Podfile.lock. Run 'pod install' or update your CocoaPods installation.\" >&2\n    exit 1\nfi\n# This output is used by Xcode 'outputs' to avoid re-running this script phase.\necho \"SUCCESS\" > \"${SCRIPT_OUTPUT_FILE_0}\"\n";
			showEnvVarsInLog = 0;
		};
/* End PBXShellScriptBuildPhase section */

/* Begin PBXSourcesBuildPhase section */
		BA44FE9F2347399200A9DC62 /* Sources */ = {
			isa = PBXSourcesBuildPhase;
			buildActionMask = 2147483647;
			files = (
				BA44FEA92347399200A9DC62 /* ViewController.swift in Sources */,
				BA44FEBF2347476800A9DC62 /* RealmService.swift in Sources */,
				BA44FEA72347399200A9DC62 /* AppDelegate.swift in Sources */,
				BA44FEB923473CC200A9DC62 /* PickUpLine.swift in Sources */,
				BA44FEBB2347417900A9DC62 /* PickUpLineTableViewCell.swift in Sources */,
				BA44FEBD234742AF00A9DC62 /* AlertService.swift in Sources */,
			);
			runOnlyForDeploymentPostprocessing = 0;
		};
/* End PBXSourcesBuildPhase section */

/* Begin PBXVariantGroup section */
		BA44FEAA2347399200A9DC62 /* Main.storyboard */ = {
			isa = PBXVariantGroup;
			children = (
				BA44FEAB2347399200A9DC62 /* Base */,
			);
			name = Main.storyboard;
			sourceTree = "<group>";
		};
		BA44FEAF234739A900A9DC62 /* LaunchScreen.storyboard */ = {
			isa = PBXVariantGroup;
			children = (
				BA44FEB0234739A900A9DC62 /* Base */,
			);
			name = LaunchScreen.storyboard;
			sourceTree = "<group>";
		};
/* End PBXVariantGroup section */

/* Begin XCBuildConfiguration section */
		BA44FEB3234739A900A9DC62 /* Debug */ = {
			isa = XCBuildConfiguration;
			buildSettings = {
				ALWAYS_SEARCH_USER_PATHS = NO;
				CLANG_ANALYZER_NONNULL = YES;
				CLANG_ANALYZER_NUMBER_OBJECT_CONVERSION = YES_AGGRESSIVE;
				CLANG_CXX_LANGUAGE_STANDARD = "gnu++14";
				CLANG_CXX_LIBRARY = "libc++";
				CLANG_ENABLE_MODULES = YES;
				CLANG_ENABLE_OBJC_ARC = YES;
				CLANG_ENABLE_OBJC_WEAK = YES;
				CLANG_WARN_BLOCK_CAPTURE_AUTORELEASING = YES;
				CLANG_WARN_BOOL_CONVERSION = YES;
				CLANG_WARN_COMMA = YES;
				CLANG_WARN_CONSTANT_CONVERSION = YES;
				CLANG_WARN_DEPRECATED_OBJC_IMPLEMENTATIONS = YES;
				CLANG_WARN_DIRECT_OBJC_ISA_USAGE = YES_ERROR;
				CLANG_WARN_DOCUMENTATION_COMMENTS = YES;
				CLANG_WARN_EMPTY_BODY = YES;
				CLANG_WARN_ENUM_CONVERSION = YES;
				CLANG_WARN_INFINITE_RECURSION = YES;
				CLANG_WARN_INT_CONVERSION = YES;
				CLANG_WARN_NON_LITERAL_NULL_CONVERSION = YES;
				CLANG_WARN_OBJC_IMPLICIT_RETAIN_SELF = YES;
				CLANG_WARN_OBJC_LITERAL_CONVERSION = YES;
				CLANG_WARN_OBJC_ROOT_CLASS = YES_ERROR;
				CLANG_WARN_RANGE_LOOP_ANALYSIS = YES;
				CLANG_WARN_STRICT_PROTOTYPES = YES;
				CLANG_WARN_SUSPICIOUS_MOVE = YES;
				CLANG_WARN_UNGUARDED_AVAILABILITY = YES_AGGRESSIVE;
				CLANG_WARN_UNREACHABLE_CODE = YES;
				CLANG_WARN__DUPLICATE_METHOD_MATCH = YES;
				CODE_SIGN_IDENTITY = "iPhone Developer";
				COPY_PHASE_STRIP = NO;
				DEBUG_INFORMATION_FORMAT = dwarf;
				ENABLE_STRICT_OBJC_MSGSEND = YES;
				ENABLE_TESTABILITY = YES;
				GCC_C_LANGUAGE_STANDARD = gnu11;
				GCC_DYNAMIC_NO_PIC = NO;
				GCC_NO_COMMON_BLOCKS = YES;
				GCC_OPTIMIZATION_LEVEL = 0;
				GCC_PREPROCESSOR_DEFINITIONS = (
					"DEBUG=1",
					"$(inherited)",
				);
				GCC_WARN_64_TO_32_BIT_CONVERSION = YES;
				GCC_WARN_ABOUT_RETURN_TYPE = YES_ERROR;
				GCC_WARN_UNDECLARED_SELECTOR = YES;
				GCC_WARN_UNINITIALIZED_AUTOS = YES_AGGRESSIVE;
				GCC_WARN_UNUSED_FUNCTION = YES;
				GCC_WARN_UNUSED_VARIABLE = YES;
				IPHONEOS_DEPLOYMENT_TARGET = 12.1;
				MTL_ENABLE_DEBUG_INFO = INCLUDE_SOURCE;
				MTL_FAST_MATH = YES;
				ONLY_ACTIVE_ARCH = YES;
				SDKROOT = iphoneos;
				SWIFT_ACTIVE_COMPILATION_CONDITIONS = DEBUG;
				SWIFT_OPTIMIZATION_LEVEL = "-Onone";
			};
			name = Debug;
		};
		BA44FEB4234739A900A9DC62 /* Release */ = {
			isa = XCBuildConfiguration;
			buildSettings = {
				ALWAYS_SEARCH_USER_PATHS = NO;
				CLANG_ANALYZER_NONNULL = YES;
				CLANG_ANALYZER_NUMBER_OBJECT_CONVERSION = YES_AGGRESSIVE;
				CLANG_CXX_LANGUAGE_STANDARD = "gnu++14";
				CLANG_CXX_LIBRARY = "libc++";
				CLANG_ENABLE_MODULES = YES;
				CLANG_ENABLE_OBJC_ARC = YES;
				CLANG_ENABLE_OBJC_WEAK = YES;
				CLANG_WARN_BLOCK_CAPTURE_AUTORELEASING = YES;
				CLANG_WARN_BOOL_CONVERSION = YES;
				CLANG_WARN_COMMA = YES;
				CLANG_WARN_CONSTANT_CONVERSION = YES;
				CLANG_WARN_DEPRECATED_OBJC_IMPLEMENTATIONS = YES;
				CLANG_WARN_DIRECT_OBJC_ISA_USAGE = YES_ERROR;
				CLANG_WARN_DOCUMENTATION_COMMENTS = YES;
				CLANG_WARN_EMPTY_BODY = YES;
				CLANG_WARN_ENUM_CONVERSION = YES;
				CLANG_WARN_INFINITE_RECURSION = YES;
				CLANG_WARN_INT_CONVERSION = YES;
				CLANG_WARN_NON_LITERAL_NULL_CONVERSION = YES;
				CLANG_WARN_OBJC_IMPLICIT_RETAIN_SELF = YES;
				CLANG_WARN_OBJC_LITERAL_CONVERSION = YES;
				CLANG_WARN_OBJC_ROOT_CLASS = YES_ERROR;
				CLANG_WARN_RANGE_LOOP_ANALYSIS = YES;
				CLANG_WARN_STRICT_PROTOTYPES = YES;
				CLANG_WARN_SUSPICIOUS_MOVE = YES;
				CLANG_WARN_UNGUARDED_AVAILABILITY = YES_AGGRESSIVE;
				CLANG_WARN_UNREACHABLE_CODE = YES;
				CLANG_WARN__DUPLICATE_METHOD_MATCH = YES;
				CODE_SIGN_IDENTITY = "iPhone Developer";
				COPY_PHASE_STRIP = NO;
				DEBUG_INFORMATION_FORMAT = "dwarf-with-dsym";
				ENABLE_NS_ASSERTIONS = NO;
				ENABLE_STRICT_OBJC_MSGSEND = YES;
				GCC_C_LANGUAGE_STANDARD = gnu11;
				GCC_NO_COMMON_BLOCKS = YES;
				GCC_WARN_64_TO_32_BIT_CONVERSION = YES;
				GCC_WARN_ABOUT_RETURN_TYPE = YES_ERROR;
				GCC_WARN_UNDECLARED_SELECTOR = YES;
				GCC_WARN_UNINITIALIZED_AUTOS = YES_AGGRESSIVE;
				GCC_WARN_UNUSED_FUNCTION = YES;
				GCC_WARN_UNUSED_VARIABLE = YES;
				IPHONEOS_DEPLOYMENT_TARGET = 12.1;
				MTL_ENABLE_DEBUG_INFO = NO;
				MTL_FAST_MATH = YES;
				SDKROOT = iphoneos;
				SWIFT_COMPILATION_MODE = wholemodule;
				SWIFT_OPTIMIZATION_LEVEL = "-O";
				VALIDATE_PRODUCT = YES;
			};
			name = Release;
		};
		BA44FEB6234739A900A9DC62 /* Debug */ = {
			isa = XCBuildConfiguration;
			baseConfigurationReference = 500EF2C8125698C1F7F346F8 /* Pods-RealmCRUDDemo.debug.xcconfig */;
			buildSettings = {
				ASSETCATALOG_COMPILER_APPICON_NAME = AppIcon;
				CODE_SIGN_STYLE = Automatic;
				INFOPLIST_FILE = RealmCRUDDemo/Info.plist;
				LD_RUNPATH_SEARCH_PATHS = (
					"$(inherited)",
					"@executable_path/Frameworks",
				);
				PRODUCT_BUNDLE_IDENTIFIER = com.herbinger.RealmCRUDDemo;
				PRODUCT_NAME = "$(TARGET_NAME)";
				SWIFT_VERSION = 4.2;
				TARGETED_DEVICE_FAMILY = "1,2";
			};
			name = Debug;
		};
		BA44FEB7234739A900A9DC62 /* Release */ = {
			isa = XCBuildConfiguration;
			baseConfigurationReference = B1D57F6A2010C4697A60F25D /* Pods-RealmCRUDDemo.release.xcconfig */;
			buildSettings = {
				ASSETCATALOG_COMPILER_APPICON_NAME = AppIcon;
				CODE_SIGN_STYLE = Automatic;
				INFOPLIST_FILE = RealmCRUDDemo/Info.plist;
				LD_RUNPATH_SEARCH_PATHS = (
					"$(inherited)",
					"@executable_path/Frameworks",
				);
				PRODUCT_BUNDLE_IDENTIFIER = com.herbinger.RealmCRUDDemo;
				PRODUCT_NAME = "$(TARGET_NAME)";
				SWIFT_VERSION = 4.2;
				TARGETED_DEVICE_FAMILY = "1,2";
			};
			name = Release;
		};
/* End XCBuildConfiguration section */

/* Begin XCConfigurationList section */
		BA44FE9E2347399100A9DC62 /* Build configuration list for PBXProject "RealmCRUDDemo" */ = {
			isa = XCConfigurationList;
			buildConfigurations = (
				BA44FEB3234739A900A9DC62 /* Debug */,
				BA44FEB4234739A900A9DC62 /* Release */,
			);
			defaultConfigurationIsVisible = 0;
			defaultConfigurationName = Release;
		};
		BA44FEB5234739A900A9DC62 /* Build configuration list for PBXNativeTarget "RealmCRUDDemo" */ = {
			isa = XCConfigurationList;
			buildConfigurations = (
				BA44FEB6234739A900A9DC62 /* Debug */,
				BA44FEB7234739A900A9DC62 /* Release */,
			);
			defaultConfigurationIsVisible = 0;
			defaultConfigurationName = Release;
		};
/* End XCConfigurationList section */
	};
	rootObject = BA44FE9B2347399100A9DC62 /* Project object */;
}
